PODS:
  - CoreDataContextManager (0.0.11)
  - Expecta (1.0.5)
  - Specta (1.0.5)

DEPENDENCIES:
  - CoreDataContextManager (from `../`)
  - Expecta
  - Specta

EXTERNAL SOURCES:
  CoreDataContextManager:
    :path: "../"

SPEC CHECKSUMS:
  CoreDataContextManager: 376703646913a457c7b87476de53784eee79559c
  Expecta: e1c022fcd33910b6be89c291d2775b3fe27a89fe
  Specta: ac94d110b865115fe60ff2c6d7281053c6f8e8a2

PODFILE CHECKSUM: e19a1754cfb65c8aa80cb5bd998143bd8268e468

COCOAPODS: 1.1.1
